{
  "originHash" : "d2614270db224742ac9a21f8a127152d997aa5021c175ef2667bfaba3776c428",
  "pins" : [
    {
      "identity" : "alamofire",
      "kind" : "remoteSourceControl",
      "location" : "https://github.com/Alamofire/Alamofire.git",
      "state" : {
        "revision" : "513364f870f6bfc468f9d2ff0a95caccc10044c5",
        "version" : "5.10.2"
      }
    },
    {
      "identity" : "arnoldkit",
      "kind" : "remoteSourceControl",
      "location" : "https://github.com/arnoldtherigan15/ArnoldKit.git",
      "state" : {
        "branch" : "main",
        "revision" : "fef9382394fb0cb1bb18666a72cbffc6e471f67e"
      }
    }
  ],
  "version" : 3
}
